[renv]
Version=0.4.0-21

[R]
Version=3.6.1
Repositories=
	CRAN=https://cran.rstudio.com/

[R/Package/BH]
Package=BH
Version=1.72.0-3
Source=CRAN
Hash=d0ade33b75c625f9a43ff9cc967075c4

[R/Package/MASS]
Package=MASS
Version=7.3-51.5
Source=CRAN
Hash=7f3ab7939db9b87cc204ce953117b83a

[R/Package/Matrix]
Package=Matrix
Version=1.2-18
Source=CRAN
Hash=0c4431ef6d60293fa567f07a23363763

[R/Package/R6]
Package=R6
Version=2.4.1
Source=CRAN
Hash=224dd7267ee79f013c016c52516160f1

[R/Package/RColorBrewer]
Package=RColorBrewer
Version=1.1-2
Source=CRAN
Hash=c415f5010b2a1775dc6e3bd27f609666

[R/Package/Rcpp]
Package=Rcpp
Version=1.0.3
Source=CRAN
Hash=6ac2c47c51de9f4a4af09b22a2b778cf

[R/Package/RcppEigen]
Package=RcppEigen
Version=0.3.3.7.0
Source=CRAN
Hash=772561d4b8eda5911c946ecda257766e

[R/Package/TMB]
Package=TMB
Version=1.7.16
Source=CRAN
Hash=9053dfd574b5fbc62d3d5e68eca221d5

[R/Package/askpass]
Package=askpass
Version=1.1
Source=CRAN
Hash=22d589bdbeb821c20dcff25ff641f6fb

[R/Package/assertthat]
Package=assertthat
Version=0.2.1
Source=CRAN
Hash=47c5d99ca6da06d75f480d96b9f96422

[R/Package/backports]
Package=backports
Version=1.1.5
Source=CRAN
Hash=ee7b305d6a5d38a923c0a8c5a5b51fb6

[R/Package/broom]
Package=broom
Version=0.5.5
Source=CRAN
Hash=faed964719cc084b5a07321bbbad2489

[R/Package/broom.mixed]
Package=broom.mixed
Version=0.2.4
Source=CRAN
Hash=a23c271eb10d51130585be05beb016b9

[R/Package/checkmate]
Package=checkmate
Version=1.9.4
Source=CRAN
Hash=c4cf2b51b5b4d40ff3b4c4a9ea58cd50

[R/Package/cli]
Package=cli
Version=2.0.1
Source=CRAN
Hash=b13d9f3a56c1dca02de1954b7201c62c

[R/Package/clipr]
Package=clipr
Version=0.7.0
Source=CRAN
Hash=25a0f4708d204469f7f2b7dd7ff147b4

[R/Package/clisymbols]
Package=clisymbols
Version=1.2.0
Source=CRAN
Hash=cac06d1dbd7d362670fbc95c1cbe5afe

[R/Package/coda]
Package=coda
Version=0.19-3
Source=CRAN
Hash=2cb68c84d7985428ee494eee25fe755c

[R/Package/colorspace]
Package=colorspace
Version=1.4-1
Source=CRAN
Hash=b0f7b0980ad3d9d240be0fffea1d238b

[R/Package/commonmark]
Package=commonmark
Version=1.7
Source=CRAN
Hash=6aba1333d065559b07a73414115a8218

[R/Package/crayon]
Package=crayon
Version=1.3.4
Source=CRAN
Hash=900c1d2c8e4c61b6a1814331ec34e19a

[R/Package/curl]
Package=curl
Version=4.3
Source=CRAN
Hash=a4da3f256ae179daa201fb9a2b83737a

[R/Package/desc]
Package=desc
Version=1.2.0
Source=CRAN
Hash=6a3b8ecf683b3ba841991635c7dc39cb

[R/Package/digest]
Package=digest
Version=0.6.23
Source=CRAN
Hash=1ce7f3282e8da1e0933b37df9309d564

[R/Package/dplyr]
Package=dplyr
Version=0.8.3
Source=CRAN
Hash=55724dcfa412564a0feb53075cc62324

[R/Package/ellipsis]
Package=ellipsis
Version=0.3.0
Source=CRAN
Hash=aa87569ce42b3888860df8d9230c264e

[R/Package/evaluate]
Package=evaluate
Version=0.14
Source=CRAN
Hash=334a5c1c76a6dd07e7f14c521bedbf94

[R/Package/fansi]
Package=fansi
Version=0.4.1
Source=CRAN
Hash=ba114d5a4192c008beaffa8fb8d346ae

[R/Package/farver]
Package=farver
Version=2.0.3
Source=CRAN
Hash=010f6594003cb9e14be145f003db8da8

[R/Package/forcats]
Package=forcats
Version=0.5.0
Source=CRAN
Hash=5a4822990a97f1c23ede4eba0b5682e0

[R/Package/fs]
Package=fs
Version=1.3.1
Source=CRAN
Hash=8373de9bc63e2090ae6f1a0dcbc85cd0

[R/Package/generics]
Package=generics
Version=0.0.2
Source=CRAN
Hash=c8e7c83af79d6b104067cfbc27fd5191

[R/Package/ggplot2]
Package=ggplot2
Version=3.2.1
Source=CRAN
Hash=99d2d1744f5c710ba0f57a06a606c964

[R/Package/gh]
Package=gh
Version=1.1.0
Source=CRAN
Hash=6236bf55f1be3e3a0849fd35ed4c261d

[R/Package/git2r]
Package=git2r
Version=0.26.1
Source=CRAN
Hash=c349d10f28b33496b0334f6f2ad1fa16

[R/Package/glue]
Package=glue
Version=1.3.1
Source=CRAN
Hash=50f8d48c8ebbfc4b68e55bd8bb5516ca

[R/Package/gt]
Package=gt
Version=0.1.0
Source=GitHub
RemoteType=github
RemoteUsername=rstudio
RemoteRepo=gt
RemoteRef=master
RemoteSha=883df9ad23e49e7e7ede9ea3cce91940fc59f189
RemoteHost=api.github.com
Hash=29e7a0977962329fb9e291cfa9c603b0

[R/Package/gtable]
Package=gtable
Version=0.3.0
Source=CRAN
Hash=1139982677066ce2ec7c8d6d12f89e3d

[R/Package/gtsummary]
Package=gtsummary
Version=1.2.6.9002
Source=GitHub
RemoteType=github
RemoteUsername=ddsjoberg
RemoteRepo=gtsummary
RemoteRef=master
RemoteSha=6401ad6385442939fe8a20214b89ca0f43419292
RemoteHost=api.github.com
Hash=395a24278e959f2c48d6de4cd2ba442f

[R/Package/highr]
Package=highr
Version=0.8
Source=CRAN
Hash=e55de296dfdda8215e0c3fa0f4c6b84f

[R/Package/htmltools]
Package=htmltools
Version=0.4.0
Source=CRAN
Hash=5b656ec6ad3ddeafc9bbdeaabdd35232

[R/Package/httr]
Package=httr
Version=1.4.1
Source=CRAN
Hash=524ea2734a5f440fbdf2195156ae9170

[R/Package/ini]
Package=ini
Version=0.3.1
Source=CRAN
Hash=f042164d195b26c2f09cba4b30b35389

[R/Package/jsonlite]
Package=jsonlite
Version=1.6.1
Source=CRAN
Hash=2f29ac97279462ef456a3cb8b3cb4b84

[R/Package/knitr]
Package=knitr
Version=1.28
Source=CRAN
Hash=4d7018a12fae09df77f50c610c2625ec

[R/Package/labeling]
Package=labeling
Version=0.3
Source=CRAN
Hash=ffa597ca526ba3020eb878a4bc1cb8ab

[R/Package/lattice]
Package=lattice
Version=0.20-38
Source=CRAN
Hash=0251b49e8f0cc1f8fb68e587c519bae8

[R/Package/lazyeval]
Package=lazyeval
Version=0.2.2
Source=CRAN
Hash=c11c47f14490dbed7013c37a1a217cc1

[R/Package/lifecycle]
Package=lifecycle
Version=0.1.0
Source=CRAN
Hash=29be749d41285cd04833fd03fc138038

[R/Package/magrittr]
Package=magrittr
Version=1.5
Source=CRAN
Hash=c079d05aaae9556f4dbeea615a764871

[R/Package/markdown]
Package=markdown
Version=1.1
Source=CRAN
Hash=7bab0d4877c7d644daf795abea13a260

[R/Package/mgcv]
Package=mgcv
Version=1.8-31
Source=CRAN
Hash=00ff4ddf60264b7c194f37953823872f

[R/Package/mime]
Package=mime
Version=0.9
Source=CRAN
Hash=6e012d79eec92396ed417b8811b207af

[R/Package/munsell]
Package=munsell
Version=0.5.0
Source=CRAN
Hash=d2e295adcf750acbd8a6afd5e15a9c1b

[R/Package/nlme]
Package=nlme
Version=3.1-143
Source=CRAN
Hash=a7382770227237133f0414c7c457033e

[R/Package/openssl]
Package=openssl
Version=1.4.1
Source=CRAN
Hash=0fe29a202c1f856ad4ef0fe4cecf1ee1

[R/Package/pillar]
Package=pillar
Version=1.4.3
Source=CRAN
Hash=45f1bcbcd5cc99e147029ba465f6aac6

[R/Package/pkgconfig]
Package=pkgconfig
Version=2.0.3
Source=CRAN
Hash=92eddb14d6be4b1a1eedf42a4996e3d7

[R/Package/plogr]
Package=plogr
Version=0.2.0
Source=CRAN
Hash=c61d37182e7f06c0d587aa203487b400

[R/Package/plyr]
Package=plyr
Version=1.8.5
Source=CRAN
Hash=5230e72ed4934f95608378d2509a4696

[R/Package/purrr]
Package=purrr
Version=0.3.3
Source=CRAN
Hash=964b8f287397ca5d491559da2b26fe03

[R/Package/reshape2]
Package=reshape2
Version=1.4.3
Source=CRAN
Hash=036286e358984519ef02581be2bd92b8

[R/Package/rlang]
Package=rlang
Version=0.4.3
Source=CRAN
Hash=fdf726c5a3e8c157b5ba8966f5f46980

[R/Package/rprojroot]
Package=rprojroot
Version=1.3-2
Source=CRAN
Hash=c7ae364c2def3efe51c32516d6077097

[R/Package/rstudioapi]
Package=rstudioapi
Version=0.11
Source=CRAN
Hash=18c6e537284e35a68c3dc3d5b594f85f

[R/Package/sass]
Package=sass
Version=0.1.2.1
Source=CRAN
Hash=829ef53ab30a2882d1da48528c12de02

[R/Package/scales]
Package=scales
Version=1.1.0
Source=CRAN
Hash=ec5d05159fbedd8668d2d0db9c028710

[R/Package/stringi]
Package=stringi
Version=1.4.4
Source=CRAN
Hash=1410a2917a06019ad19fb8c224a812d2

[R/Package/stringr]
Package=stringr
Version=1.4.0
Source=CRAN
Hash=568b942ad8065463d9beb45c212e4089

[R/Package/survival]
Package=survival
Version=3.1-8
Source=CRAN
Hash=db2363203eef2660d09d6481e5eb2165

[R/Package/sys]
Package=sys
Version=3.3
Source=CRAN
Hash=0b4dd702c10b9ca5a420137b00e93112

[R/Package/tibble]
Package=tibble
Version=2.1.3
Source=CRAN
Hash=503e7aee98597f5503a772673286a95f

[R/Package/tidyr]
Package=tidyr
Version=1.0.2
Source=CRAN
Hash=1fa78a514f5c6f84de767e7ac6e259a9

[R/Package/tidyselect]
Package=tidyselect
Version=1.0.0
Source=CRAN
Hash=dce0880590cedde9338895eccb25d9b1

[R/Package/usethis]
Package=usethis
Version=1.5.1
Source=CRAN
Hash=8e1490412487e61b99890610f6c6c6ef

[R/Package/utf8]
Package=utf8
Version=1.1.4
Source=CRAN
Hash=dbacd54ef408a11a83b9c0558d897970

[R/Package/vctrs]
Package=vctrs
Version=0.2.2
Source=CRAN
Hash=3defb3a04472e665189e3806a3e99871

[R/Package/viridisLite]
Package=viridisLite
Version=0.3.0
Source=CRAN
Hash=73d2a08e725a82859b9a0633f017dd89

[R/Package/whisker]
Package=whisker
Version=0.4
Source=CRAN
Hash=86f6fc98940654e601ca6d94a91c4dbd

[R/Package/withr]
Package=withr
Version=2.1.2
Source=CRAN
Hash=95b4999c4a7610bbccfd3b5d37fbaf6b

[R/Package/xfun]
Package=xfun
Version=0.12
Source=CRAN
Hash=34a54dbe33c8c9cfeb524971af038ccc

[R/Package/yaml]
Package=yaml
Version=2.2.1
Source=CRAN
Hash=d2573fef39b165fed9794848e38a3aa7

