[renv]
Version=0.4.0-21

[R]
Version=3.6.0
Repositories=
	CRAN=https://cran.rstudio.com/

[R/Package/BH]
Package=BH
Version=1.69.0-1
Source=CRAN
Hash=cfad72c4156ccde689e24ed26010a931

[R/Package/BiasedUrn]
Package=BiasedUrn
Version=1.07
Source=CRAN
Hash=ac92bd7daa29841652a1368b989b4a19

[R/Package/DBI]
Package=DBI
Version=1.0.0
Source=CRAN
Hash=47c6631d0f98c2582ad761e4993ba9b5

[R/Package/KMsurv]
Package=KMsurv
Version=0.1-5
Source=CRAN
Hash=4a226126f7605e7398f0a66da1c26f5e

[R/Package/MASS]
Package=MASS
Version=7.3-51.4
Source=CRAN
Hash=3f74d247b4ab8e3f0fd6c8655ba4ee09

[R/Package/Matrix]
Package=Matrix
Version=1.2-17
Source=CRAN
Hash=5fcbf894490760a99057e72a0df0fe8d

[R/Package/R6]
Package=R6
Version=2.4.0
Source=CRAN
Hash=4f39f15779e55cb06d47e0904b14522c

[R/Package/RColorBrewer]
Package=RColorBrewer
Version=1.1-2
Source=CRAN
Hash=c415f5010b2a1775dc6e3bd27f609666

[R/Package/Rcpp]
Package=Rcpp
Version=1.0.2
Source=CRAN
Hash=e9c01eba8e803454af999b9a0948ad48

[R/Package/RcppEigen]
Package=RcppEigen
Version=0.3.3.5.0
Source=CRAN
Hash=146537f94080d32802917506b40a7862

[R/Package/TMB]
Package=TMB
Version=1.7.15
Source=CRAN
Hash=bee43202b54e384a741d28c5d0e09213

[R/Package/askpass]
Package=askpass
Version=1.1
Source=CRAN
Hash=22d589bdbeb821c20dcff25ff641f6fb

[R/Package/assertthat]
Package=assertthat
Version=0.2.1
Source=CRAN
Hash=47c5d99ca6da06d75f480d96b9f96422

[R/Package/backports]
Package=backports
Version=1.1.4
Source=CRAN
Hash=f8cd17cda96337d3ca8d876d78df1db4

[R/Package/base64enc]
Package=base64enc
Version=0.1-3
Source=CRAN
Hash=98474bb1d2468b052cdf9c94abebc97f

[R/Package/bookdown]
Package=bookdown
Version=0.13
Source=CRAN
Hash=f00142b60f0e0c180171536466b1b2ab

[R/Package/broom]
Package=broom
Version=0.5.2
Source=CRAN
Hash=4d3320654f6e0fe0b4b1c339c507f5ae

[R/Package/broom.mixed]
Package=broom.mixed
Version=0.2.4
Source=CRAN
Hash=a23c271eb10d51130585be05beb016b9

[R/Package/callr]
Package=callr
Version=3.3.1
Source=CRAN
Hash=6d96e4d63e29bb82d9de5b6c313ec2f9

[R/Package/cellranger]
Package=cellranger
Version=1.1.0
Source=CRAN
Hash=2dca890fda2e0910eeacb38a2c27af72

[R/Package/checkmate]
Package=checkmate
Version=1.9.4
Source=CRAN
Hash=c4cf2b51b5b4d40ff3b4c4a9ea58cd50

[R/Package/cli]
Package=cli
Version=1.1.0
Source=CRAN
Hash=82644afba0ff56a08730bc4fc1e6448f

[R/Package/clipr]
Package=clipr
Version=0.7.0
Source=CRAN
Hash=25a0f4708d204469f7f2b7dd7ff147b4

[R/Package/coda]
Package=coda
Version=0.19-3
Source=CRAN
Hash=2cb68c84d7985428ee494eee25fe755c

[R/Package/colorspace]
Package=colorspace
Version=1.4-1
Source=CRAN
Hash=b0f7b0980ad3d9d240be0fffea1d238b

[R/Package/commonmark]
Package=commonmark
Version=1.7
Source=CRAN
Hash=6aba1333d065559b07a73414115a8218

[R/Package/cowplot]
Package=cowplot
Version=1.0.0
Source=CRAN
Hash=7af97a8af3adeebb50569731a217807e

[R/Package/crayon]
Package=crayon
Version=1.3.4
Source=CRAN
Hash=900c1d2c8e4c61b6a1814331ec34e19a

[R/Package/curl]
Package=curl
Version=4.1
Source=CRAN
Hash=66c3af330542e6905b283bfa41ce9f28

[R/Package/data.table]
Package=data.table
Version=1.12.2
Source=CRAN
Hash=9877f56dda88827d0c0e24de3bee3d73

[R/Package/dbplyr]
Package=dbplyr
Version=1.4.2
Source=CRAN
Hash=49a0d7f120de761b3e98b7cbca6cf4c2

[R/Package/digest]
Package=digest
Version=0.6.20
Source=CRAN
Hash=8d00fdf173206e06a117174a11bba074

[R/Package/dplyr]
Package=dplyr
Version=0.8.3
Source=CRAN
Hash=55724dcfa412564a0feb53075cc62324

[R/Package/ellipsis]
Package=ellipsis
Version=0.2.0.9000
Source=GitHub
RemoteType=github
RemoteHost=api.github.com
RemoteRepo=ellipsis
RemoteUsername=r-lib
RemoteRef=master
RemoteSha=27e08468e3c01dd195eef0f6f5b6eb71c65685c5
Hash=fcb556c9f68c65394dfef92411690003

[R/Package/epiDisplay]
Package=epiDisplay
Version=3.5.0.1
Source=CRAN
Hash=cbf51ba14990ebe2d0d43a714bb359bf

[R/Package/epiR]
Package=epiR
Version=1.0-4
Source=CRAN
Hash=245b2cb48aba03a92b031f1fbf299115

[R/Package/evaluate]
Package=evaluate
Version=0.14
Source=CRAN
Hash=334a5c1c76a6dd07e7f14c521bedbf94

[R/Package/exactRankTests]
Package=exactRankTests
Version=0.8-30
Source=CRAN
Hash=2c113677e81baf220025e97e28131fd7

[R/Package/fansi]
Package=fansi
Version=0.4.0
Source=CRAN
Hash=a7730510208607abde04cfe3808e78e0

[R/Package/forcats]
Package=forcats
Version=0.4.0
Source=CRAN
Hash=bca530c76aabd907fa2a83d21a02db81

[R/Package/foreign]
Package=foreign
Version=0.8-72
Source=CRAN
Hash=d927c21513d79a57df8d27261f0abebe

[R/Package/fs]
Package=fs
Version=1.3.1
Source=CRAN
Hash=8373de9bc63e2090ae6f1a0dcbc85cd0

[R/Package/gdata]
Package=gdata
Version=2.18.0
Source=CRAN
Hash=99a2d3920f6dac2c4417cb192aae46b2

[R/Package/generics]
Package=generics
Version=0.0.2
Source=CRAN
Hash=c8e7c83af79d6b104067cfbc27fd5191

[R/Package/ggplot2]
Package=ggplot2
Version=3.2.1
Source=CRAN
Hash=99d2d1744f5c710ba0f57a06a606c964

[R/Package/ggpubr]
Package=ggpubr
Version=0.2.3
Source=CRAN
Hash=6180ac0cfe99ba274b1b9548dbad0563

[R/Package/ggrepel]
Package=ggrepel
Version=0.8.1
Source=CRAN
Hash=bb7a1e2b9f3fcd5cb6cc76fa522dbd47

[R/Package/ggsci]
Package=ggsci
Version=2.9
Source=CRAN
Hash=051fe5ec7f4adb8166b24db901a37cc3

[R/Package/ggsignif]
Package=ggsignif
Version=0.6.0
Source=CRAN
Hash=7a24a6f4a17b4882278ccb0b01c999fb

[R/Package/glue]
Package=glue
Version=1.3.1
Source=CRAN
Hash=50f8d48c8ebbfc4b68e55bd8bb5516ca

[R/Package/gmodels]
Package=gmodels
Version=2.18.1
Source=CRAN
Hash=230099b79694688ddd08560f77a4be8f

[R/Package/gridExtra]
Package=gridExtra
Version=2.3
Source=CRAN
Hash=c3eb9f7194fdc98e2c1fd1f12639e37b

[R/Package/gt]
Package=gt
Version=0.1.0
Source=GitHub
Remotes=rstudio/sass
RemoteType=github
RemoteHost=api.github.com
RemoteRepo=gt
RemoteUsername=rstudio
RemoteRef=master
RemoteSha=7617ceb101f3e6e0f260fbf0ec1fb0a05c64a149
Hash=a96c6fc484424de961658e96a1fa1b28

[R/Package/gtable]
Package=gtable
Version=0.3.0
Source=CRAN
Hash=1139982677066ce2ec7c8d6d12f89e3d

[R/Package/gtools]
Package=gtools
Version=3.8.1
Source=CRAN
Hash=9e8c14c9ad28587d0a0941842edf0cac

[R/Package/gtsummary]
Package=gtsummary
Version=1.2.1
Source=CRAN
Hash=63d0ec59c689e679bc18372da9347152

[R/Package/haven]
Package=haven
Version=2.1.1
Source=CRAN
Hash=c5b30086751e4f9470e09673340a39db

[R/Package/here]
Package=here
Version=0.1
Source=CRAN
Hash=5a3360c3facb414fdcb3722facea181a

[R/Package/highr]
Package=highr
Version=0.8
Source=CRAN
Hash=e55de296dfdda8215e0c3fa0f4c6b84f

[R/Package/hms]
Package=hms
Version=0.5.1
Source=CRAN
Hash=2ef36dbccd7e54ee4957fa73c020a1ea

[R/Package/htmltools]
Package=htmltools
Version=0.3.6
Source=CRAN
Hash=acbf3a50732562af0ff1fbf1050da7ee

[R/Package/httr]
Package=httr
Version=1.4.1
Source=CRAN
Hash=524ea2734a5f440fbdf2195156ae9170

[R/Package/jsonlite]
Package=jsonlite
Version=1.6
Source=CRAN
Hash=1527c6ad6c00ff3f0d0a02b01650fd87

[R/Package/km.ci]
Package=km.ci
Version=0.5-2
Source=CRAN
Hash=8a8335f0d63751b5352db3d8b1468d2c

[R/Package/knitr]
Package=knitr
Version=1.24
Source=CRAN
Hash=eea9d5b207d87d2c98567ffc51a1016e

[R/Package/labeling]
Package=labeling
Version=0.3
Source=CRAN
Hash=ffa597ca526ba3020eb878a4bc1cb8ab

[R/Package/lattice]
Package=lattice
Version=0.20-38
Source=CRAN
Hash=0251b49e8f0cc1f8fb68e587c519bae8

[R/Package/lazyeval]
Package=lazyeval
Version=0.2.2
Source=CRAN
Hash=c11c47f14490dbed7013c37a1a217cc1

[R/Package/lifecycle]
Package=lifecycle
Version=0.1.0
Source=CRAN
Hash=29be749d41285cd04833fd03fc138038

[R/Package/lubridate]
Package=lubridate
Version=1.7.4
Source=CRAN
Hash=ecc440cf76cdf90c0c34de6e0a0267fb

[R/Package/magrittr]
Package=magrittr
Version=1.5
Source=CRAN
Hash=c079d05aaae9556f4dbeea615a764871

[R/Package/markdown]
Package=markdown
Version=1.1
Source=CRAN
Hash=7bab0d4877c7d644daf795abea13a260

[R/Package/maxstat]
Package=maxstat
Version=0.7-25
Source=CRAN
Hash=2bfbeba435c0be2760faad9c7a47842a

[R/Package/mgcv]
Package=mgcv
Version=1.8-28
Source=CRAN
Hash=546b79187d2ce2b5255451684b97dcc4

[R/Package/mime]
Package=mime
Version=0.7
Source=CRAN
Hash=e1d17e6e0d960a206a93670a75d1ef4d

[R/Package/modelr]
Package=modelr
Version=0.1.5
Source=CRAN
Hash=404c8b58a6768c609bf547c66eb5c4a6

[R/Package/munsell]
Package=munsell
Version=0.5.0
Source=CRAN
Hash=d2e295adcf750acbd8a6afd5e15a9c1b

[R/Package/mvtnorm]
Package=mvtnorm
Version=1.0-11
Source=CRAN
Hash=acb1f0a0b53d6bb7acf8ec2b87fc2820

[R/Package/nlme]
Package=nlme
Version=3.1-141
Source=CRAN
Hash=c213c54af4b57dba36fcd8d8d875bbd6

[R/Package/nnet]
Package=nnet
Version=7.3-12
Source=CRAN
Hash=b5c5b7ecc881b4b4c3ac67ac359426bf

[R/Package/openssl]
Package=openssl
Version=1.4.1
Source=CRAN
Hash=0fe29a202c1f856ad4ef0fe4cecf1ee1

[R/Package/pROC]
Package=pROC
Version=1.15.3
Source=CRAN
Hash=2d6ae05d89d5a709749c5c4ca6865142

[R/Package/pander]
Package=pander
Version=0.6.3
Source=CRAN
Hash=5912da6e1c17e43be3f7e65c91f79fe8

[R/Package/pillar]
Package=pillar
Version=1.4.2
Source=CRAN
Hash=80d354371127949c1b34cc8ec998ed06

[R/Package/pkgconfig]
Package=pkgconfig
Version=2.0.2
Source=CRAN
Hash=210f98df43a980ceead88427b5a3f629

[R/Package/plogr]
Package=plogr
Version=0.2.0
Source=CRAN
Hash=c61d37182e7f06c0d587aa203487b400

[R/Package/plyr]
Package=plyr
Version=1.8.4
Source=CRAN
Hash=10741ef740846fb36358ef97a1e165b6

[R/Package/polynom]
Package=polynom
Version=1.4-0
Source=CRAN
Hash=68dd1f02025a5abcf7ab086ba7f59fcd

[R/Package/prettyunits]
Package=prettyunits
Version=1.0.2
Source=CRAN
Hash=0acfa2bf224e49369bde27b7523aa660

[R/Package/processx]
Package=processx
Version=3.4.1
Source=CRAN
Hash=1bb1d4c17b5452416fc1f6151a1a47d5

[R/Package/progress]
Package=progress
Version=1.2.2
Source=CRAN
Hash=6dacbcc51f507005382b63c9dcaffed1

[R/Package/ps]
Package=ps
Version=1.3.0
Source=CRAN
Hash=4e3748dcc2c7dc9aba1ef909f5115162

[R/Package/purrr]
Package=purrr
Version=0.3.2
Source=CRAN
Hash=ac87472161cfd12559f2c9fcd66813d0

[R/Package/readr]
Package=readr
Version=1.3.1
Source=CRAN
Hash=4226ca436745de59b208aca06fbd8b2a

[R/Package/readxl]
Package=readxl
Version=1.3.1
Source=CRAN
Hash=d191cfd37ac5d1b04eec8ef5ebbcc66c

[R/Package/rematch]
Package=rematch
Version=1.0.1
Source=CRAN
Hash=68b96cf0beeb56d18fec3b831f7b754f

[R/Package/remotes]
Package=remotes
Version=2.1.0
Source=CRAN
Hash=386e6e8ebf7830e8765f9a73dcf7171d

[R/Package/reprex]
Package=reprex
Version=0.3.0
Source=CRAN
Hash=c104282370cf54b962b052939bb52efd

[R/Package/reshape2]
Package=reshape2
Version=1.4.3
Source=CRAN
Hash=036286e358984519ef02581be2bd92b8

[R/Package/rlang]
Package=rlang
Version=0.4.0
Source=CRAN
Hash=5ca99878f8172dc93d591c3fd56d1aee

[R/Package/rmarkdown]
Package=rmarkdown
Version=1.15
Source=CRAN
Hash=6bf0c4e68588c09815302d88955bbb46

[R/Package/rprojroot]
Package=rprojroot
Version=1.3-2
Source=CRAN
Hash=c7ae364c2def3efe51c32516d6077097

[R/Package/rstudioapi]
Package=rstudioapi
Version=0.10
Source=CRAN
Hash=0a9a57ac8bc27cafe9a3904deb2e267b

[R/Package/rvest]
Package=rvest
Version=0.3.4
Source=CRAN
Hash=5a4be171aa15de640120e6bb221c4bca

[R/Package/sass]
Package=sass
Version=0.1.2.1
Source=CRAN
Hash=829ef53ab30a2882d1da48528c12de02

[R/Package/scales]
Package=scales
Version=1.0.0
Source=CRAN
Hash=4d8cef1c0d1d19b34469542ee0396904

[R/Package/selectr]
Package=selectr
Version=0.4-1
Source=CRAN
Hash=1fb5dfb3e338005d14339d1f89fbc15c

[R/Package/skimr]
Package=skimr
Version=1.0.7
Source=CRAN
Hash=d7705bbcbe382849d9833f7e1da01254

[R/Package/stringi]
Package=stringi
Version=1.4.3
Source=CRAN
Hash=196830ccb8e4ff492b37062d19c3c9b1

[R/Package/stringr]
Package=stringr
Version=1.4.0
Source=CRAN
Hash=568b942ad8065463d9beb45c212e4089

[R/Package/survMisc]
Package=survMisc
Version=0.5.5
Source=CRAN
Hash=c870f7bc86619bbd88bad70c26ded1f0

[R/Package/survival]
Package=survival
Version=2.44-1.1
Source=CRAN
Hash=21f6ff555d096e5a2e11a4434ad1a41c

[R/Package/survminer]
Package=survminer
Version=0.4.6
Source=CRAN
Hash=5da249846c858588f0752396213b47ba

[R/Package/sys]
Package=sys
Version=3.3
Source=CRAN
Hash=0b4dd702c10b9ca5a420137b00e93112

[R/Package/tibble]
Package=tibble
Version=2.1.3
Source=CRAN
Hash=503e7aee98597f5503a772673286a95f

[R/Package/tidyr]
Package=tidyr
Version=1.0.0
Source=CRAN
Hash=fa9021bdbce7ceffe27134d022d12b6d

[R/Package/tidyselect]
Package=tidyselect
Version=0.2.5
Source=CRAN
Hash=cb4e7e81a360b877572804e9a6311375

[R/Package/tidyverse]
Package=tidyverse
Version=1.2.1
Source=CRAN
Hash=56192e1153cfe220a3213a1c2bd8a531

[R/Package/tinytex]
Package=tinytex
Version=0.15
Source=CRAN
Hash=8d58dc9b43d9aac21c78c5e5e62e42dc

[R/Package/utf8]
Package=utf8
Version=1.1.4
Source=CRAN
Hash=dbacd54ef408a11a83b9c0558d897970

[R/Package/vctrs]
Package=vctrs
Version=0.2.0
Source=CRAN
Hash=7580bbbfbc822a6ae37db45c91aeaaa5

[R/Package/viridisLite]
Package=viridisLite
Version=0.3.0
Source=CRAN
Hash=73d2a08e725a82859b9a0633f017dd89

[R/Package/whisker]
Package=whisker
Version=0.4
Source=CRAN
Hash=86f6fc98940654e601ca6d94a91c4dbd

[R/Package/withr]
Package=withr
Version=2.1.2
Source=CRAN
Hash=95b4999c4a7610bbccfd3b5d37fbaf6b

[R/Package/xfun]
Package=xfun
Version=0.9
Source=CRAN
Hash=e237ea591206706440ecac06f6fac2dc

[R/Package/xml2]
Package=xml2
Version=1.2.2
Source=CRAN
Hash=a3e83d500bf88c006179131ff271a816

[R/Package/xtable]
Package=xtable
Version=1.8-4
Source=CRAN
Hash=742aa6defce9a604d675b90812e1e588

[R/Package/yaml]
Package=yaml
Version=2.2.0
Source=CRAN
Hash=1cf8dfe48ca1f014d5bdad603950c414

[R/Package/zeallot]
Package=zeallot
Version=0.1.0
Source=CRAN
Hash=c73fb5ce649cdea435146265a0886df8

[R/Package/zoo]
Package=zoo
Version=1.8-6
Source=CRAN
Hash=fc7fbb5f296d526ee8bc499a91565458

